
Microsoft Visual Studio Solution File, Format Version 12.00
# Visual Studio 14
VisualStudioVersion = 14.0.25123.0
MinimumVisualStudioVersion = 10.0.40219.1
Project("{FAE04EC0-301F-11D3-BF4B-00C04F79EFBC}") = "SetupEnvironment", "SetupEnvironment\SetupEnvironment.csproj", "{0A9E36D1-F257-4EB2-8790-D93052B50F85}"
EndProject
Project("{FAE04EC0-301F-11D3-BF4B-00C04F79EFBC}") = "Selenium-Selector", "..\Selenium-Selector\Selenium-Selector.csproj", "{C9F5D43E-C3ED-403E-8D4F-7E95B6DC3DCA}"
EndProject
Global
	GlobalSection(SolutionConfigurationPlatforms) = preSolution
		Debug|Any CPU = Debug|Any CPU
		Release|Any CPU = Release|Any CPU
	EndGlobalSection
	GlobalSection(ProjectConfigurationPlatforms) = postSolution
		{0A9E36D1-F257-4EB2-8790-D93052B50F85}.Debug|Any CPU.ActiveCfg = Debug|Any CPU
		{0A9E36D1-F257-4EB2-8790-D93052B50F85}.Debug|Any CPU.Build.0 = Debug|Any CPU
		{0A9E36D1-F257-4EB2-8790-D93052B50F85}.Release|Any CPU.ActiveCfg = Release|Any CPU
		{0A9E36D1-F257-4EB2-8790-D93052B50F85}.Release|Any CPU.Build.0 = Release|Any CPU
		{C9F5D43E-C3ED-403E-8D4F-7E95B6DC3DCA}.Debug|Any CPU.ActiveCfg = Debug|Any CPU
		{C9F5D43E-C3ED-403E-8D4F-7E95B6DC3DCA}.Debug|Any CPU.Build.0 = Debug|Any CPU
		{C9F5D43E-C3ED-403E-8D4F-7E95B6DC3DCA}.Release|Any CPU.ActiveCfg = Release|Any CPU
		{C9F5D43E-C3ED-403E-8D4F-7E95B6DC3DCA}.Release|Any CPU.Build.0 = Release|Any CPU
	EndGlobalSection
	GlobalSection(SolutionProperties) = preSolution
		HideSolutionNode = FALSE
	EndGlobalSection
EndGlobal
